// !$*UTF8*$!
{
	archiveVersion = 1;
	classes = {
	};
	objectVersion = 56;
	objects = {

/* Begin PBXBuildFile section */
		2C534B262A717CC8001568DA /* UnixTimeApp.swift in Sources */ = {isa = PBXBuildFile; fileRef = 2C534B252A717CC8001568DA /* UnixTimeApp.swift */; };
		2C534B282A717CC8001568DA /* ContentView.swift in Sources */ = {isa = PBXBuildFile; fileRef = 2C534B272A717CC8001568DA /* ContentView.swift */; };
		2C534B2A2A717CC9001568DA /* Assets.xcassets in Resources */ = {isa = PBXBuildFile; fileRef = 2C534B292A717CC9001568DA /* Assets.xcassets */; };
		2C534B2E2A717CC9001568DA /* Preview Assets.xcassets in Resources */ = {isa = PBXBuildFile; fileRef = 2C534B2D2A717CC9001568DA /* Preview Assets.xcassets */; };
		2C6E8B432A71AD080098505A /* WidgetKit.framework in Frameworks */ = {isa = PBXBuildFile; fileRef = 2C6E8B422A71AD080098505A /* WidgetKit.framework */; };
		2C6E8B452A71AD080098505A /* SwiftUI.framework in Frameworks */ = {isa = PBXBuildFile; fileRef = 2C6E8B442A71AD080098505A /* SwiftUI.framework */; };
		2C6E8B482A71AD080098505A /* UnixTimeWidgetIOSBundle.swift in Sources */ = {isa = PBXBuildFile; fileRef = 2C6E8B472A71AD080098505A /* UnixTimeWidgetIOSBundle.swift */; };
		2C6E8B4A2A71AD080098505A /* UnixTimeWidgetIOS.swift in Sources */ = {isa = PBXBuildFile; fileRef = 2C6E8B492A71AD080098505A /* UnixTimeWidgetIOS.swift */; };
		2C6E8B502A71AD080098505A /* UnixTimeWidgetIOSExtension.appex in Embed Foundation Extensions */ = {isa = PBXBuildFile; fileRef = 2C6E8B412A71AD080098505A /* UnixTimeWidgetIOSExtension.appex */; settings = {ATTRIBUTES = (RemoveHeadersOnCopy, ); }; };
		2C6E8B5A2A71AD200098505A /* WidgetKit.framework in Frameworks */ = {isa = PBXBuildFile; fileRef = 2C6E8B422A71AD080098505A /* WidgetKit.framework */; };
		2C6E8B5B2A71AD200098505A /* SwiftUI.framework in Frameworks */ = {isa = PBXBuildFile; fileRef = 2C6E8B442A71AD080098505A /* SwiftUI.framework */; };
		2C6E8B5E2A71AD200098505A /* UnixTimeWidgetMacOS.swift in Sources */ = {isa = PBXBuildFile; fileRef = 2C6E8B5D2A71AD200098505A /* UnixTimeWidgetMacOS.swift */; };
		2C7455B52A726EEE00FDBE50 /* UnixTimeWidgetEntryView.swift in Sources */ = {isa = PBXBuildFile; fileRef = 2C7455B42A726EEE00FDBE50 /* UnixTimeWidgetEntryView.swift */; };
		2C7455B62A726EEE00FDBE50 /* UnixTimeWidgetEntryView.swift in Sources */ = {isa = PBXBuildFile; fileRef = 2C7455B42A726EEE00FDBE50 /* UnixTimeWidgetEntryView.swift */; };
		2C7455B82A726FA800FDBE50 /* UnixTimeEntry.swift in Sources */ = {isa = PBXBuildFile; fileRef = 2C7455B72A726FA800FDBE50 /* UnixTimeEntry.swift */; };
		2C7455B92A726FA800FDBE50 /* UnixTimeEntry.swift in Sources */ = {isa = PBXBuildFile; fileRef = 2C7455B72A726FA800FDBE50 /* UnixTimeEntry.swift */; };
		2C7455BB2A7270A400FDBE50 /* KamaalExtensions in Frameworks */ = {isa = PBXBuildFile; productRef = 2C7455BA2A7270A400FDBE50 /* KamaalExtensions */; };
		2C7455BD2A7270A900FDBE50 /* KamaalExtensions in Frameworks */ = {isa = PBXBuildFile; productRef = 2C7455BC2A7270A900FDBE50 /* KamaalExtensions */; };
		2C7455BF2A7270E900FDBE50 /* UnixTimeProvider.swift in Sources */ = {isa = PBXBuildFile; fileRef = 2C7455BE2A7270E900FDBE50 /* UnixTimeProvider.swift */; };
		2C7455C02A7270E900FDBE50 /* UnixTimeProvider.swift in Sources */ = {isa = PBXBuildFile; fileRef = 2C7455BE2A7270E900FDBE50 /* UnixTimeProvider.swift */; };
		2C7455C82A72767A00FDBE50 /* PlaygroundApp.swift in Sources */ = {isa = PBXBuildFile; fileRef = 2C7455C72A72767A00FDBE50 /* PlaygroundApp.swift */; };
		2C7455CA2A72767A00FDBE50 /* ContentView.swift in Sources */ = {isa = PBXBuildFile; fileRef = 2C7455C92A72767A00FDBE50 /* ContentView.swift */; };
		2C7455CC2A72767C00FDBE50 /* Assets.xcassets in Resources */ = {isa = PBXBuildFile; fileRef = 2C7455CB2A72767C00FDBE50 /* Assets.xcassets */; };
		2C7455CF2A72767C00FDBE50 /* Preview Assets.xcassets in Resources */ = {isa = PBXBuildFile; fileRef = 2C7455CE2A72767C00FDBE50 /* Preview Assets.xcassets */; };
		2C7455D42A7276C800FDBE50 /* Assets.xcassets in Resources */ = {isa = PBXBuildFile; fileRef = 2C534B292A717CC9001568DA /* Assets.xcassets */; };
		2C7455D52A7276C900FDBE50 /* Assets.xcassets in Resources */ = {isa = PBXBuildFile; fileRef = 2C534B292A717CC9001568DA /* Assets.xcassets */; };
		2C7455D92A7279F700FDBE50 /* AppLogo.swift in Sources */ = {isa = PBXBuildFile; fileRef = 2C7455D82A7279F700FDBE50 /* AppLogo.swift */; };
		2C7455DB2A727A5F00FDBE50 /* KamaalUI in Frameworks */ = {isa = PBXBuildFile; productRef = 2C7455DA2A727A5F00FDBE50 /* KamaalUI */; };
		2C7455DD2A727AB800FDBE50 /* Screens.swift in Sources */ = {isa = PBXBuildFile; fileRef = 2C7455DC2A727AB800FDBE50 /* Screens.swift */; };
		2C7455E12A727AE800FDBE50 /* AppLogoCreatorScreen.swift in Sources */ = {isa = PBXBuildFile; fileRef = 2C7455E02A727AE800FDBE50 /* AppLogoCreatorScreen.swift */; };
		2C7455E42A727B0B00FDBE50 /* PlaygroundNavigationButton.swift in Sources */ = {isa = PBXBuildFile; fileRef = 2C7455E32A727B0B00FDBE50 /* PlaygroundNavigationButton.swift */; };
		2C7455E62A727B3900FDBE50 /* WideNavigationLink.swift in Sources */ = {isa = PBXBuildFile; fileRef = 2C7455E52A727B3900FDBE50 /* WideNavigationLink.swift */; };
		2C7455E82A728B9100FDBE50 /* AppLogoColorFormRow.swift in Sources */ = {isa = PBXBuildFile; fileRef = 2C7455E72A728B9100FDBE50 /* AppLogoColorFormRow.swift */; };
		2C7455EA2A728BA800FDBE50 /* AppLogoColorSelector.swift in Sources */ = {isa = PBXBuildFile; fileRef = 2C7455E92A728BA800FDBE50 /* AppLogoColorSelector.swift */; };
		2C7455ED2A728D4C00FDBE50 /* app-icon-generator in Resources */ = {isa = PBXBuildFile; fileRef = 2C7455EC2A728D4C00FDBE50 /* app-icon-generator */; };
		2C7455F02A728D8400FDBE50 /* FileManager+extensions.swift in Sources */ = {isa = PBXBuildFile; fileRef = 2C7455EF2A728D8400FDBE50 /* FileManager+extensions.swift */; };
		2C7455F22A728D9B00FDBE50 /* KamaalExtensions in Frameworks */ = {isa = PBXBuildFile; productRef = 2C7455F12A728D9B00FDBE50 /* KamaalExtensions */; };
		2C76A3C42A7199C400A0C331 /* MenuPopoverClock.swift in Sources */ = {isa = PBXBuildFile; fileRef = 2C76A3C32A7199C400A0C331 /* MenuPopoverClock.swift */; };
		2C76A3C82A719F6700A0C331 /* Localizable.strings in Resources */ = {isa = PBXBuildFile; fileRef = 2C76A3CB2A719F6700A0C331 /* Localizable.strings */; };
		2C76A3C92A719F6700A0C331 /* Localizable.strings in Resources */ = {isa = PBXBuildFile; fileRef = 2C76A3CB2A719F6700A0C331 /* Localizable.strings */; };
		2C76A3CE2A71A00600A0C331 /* KamaalUI in Frameworks */ = {isa = PBXBuildFile; productRef = 2C76A3CD2A71A00600A0C331 /* KamaalUI */; };
		2C76A3D02A71A01500A0C331 /* KamaalUI in Frameworks */ = {isa = PBXBuildFile; productRef = 2C76A3CF2A71A01500A0C331 /* KamaalUI */; };
		2CB5A22E2A72B40D008653D0 /* KamaalUtils in Frameworks */ = {isa = PBXBuildFile; productRef = 2CB5A22D2A72B40D008653D0 /* KamaalUtils */; };
		2CB5A2302A72B602008653D0 /* Shell+extensions.swift in Sources */ = {isa = PBXBuildFile; fileRef = 2CB5A22F2A72B602008653D0 /* Shell+extensions.swift */; };
		2CB5A2332A72BE01008653D0 /* VCR_OSD_MONO.ttf in Resources */ = {isa = PBXBuildFile; fileRef = 2CB5A2322A72BE01008653D0 /* VCR_OSD_MONO.ttf */; };
		2CC7EFA12A7265A6008D1496 /* Localizable.strings in Resources */ = {isa = PBXBuildFile; fileRef = 2C76A3CB2A719F6700A0C331 /* Localizable.strings */; };
		2CC7EFA22A7265A8008D1496 /* Localizable.strings in Resources */ = {isa = PBXBuildFile; fileRef = 2C76A3CB2A719F6700A0C331 /* Localizable.strings */; };
		2CD84DA82A7180C80000121D /* KamaalExtensions in Frameworks */ = {isa = PBXBuildFile; productRef = 2CD84DA72A7180C80000121D /* KamaalExtensions */; };
		2CD84DB02A7181750000121D /* ClockManager.swift in Sources */ = {isa = PBXBuildFile; fileRef = 2CD84DAF2A7181750000121D /* ClockManager.swift */; };
		2CD84DB22A71841C0000121D /* AppDelegateMacOS.swift in Sources */ = {isa = PBXBuildFile; fileRef = 2CD84DB12A71841C0000121D /* AppDelegateMacOS.swift */; };
		2CD84DB42A7188560000121D /* ClockView.swift in Sources */ = {isa = PBXBuildFile; fileRef = 2CD84DB32A7188560000121D /* ClockView.swift */; };
		2CD84DBD2A718A320000121D /* ClockView.swift in Sources */ = {isa = PBXBuildFile; fileRef = 2CD84DB32A7188560000121D /* ClockView.swift */; };
		2CD84DBE2A718A320000121D /* ContentView.swift in Sources */ = {isa = PBXBuildFile; fileRef = 2C534B272A717CC8001568DA /* ContentView.swift */; };
		2CD84DBF2A718A320000121D /* ClockManager.swift in Sources */ = {isa = PBXBuildFile; fileRef = 2CD84DAF2A7181750000121D /* ClockManager.swift */; };
		2CD84DC02A718A320000121D /* UnixTimeApp.swift in Sources */ = {isa = PBXBuildFile; fileRef = 2C534B252A717CC8001568DA /* UnixTimeApp.swift */; };
		2CD84DC32A718A320000121D /* KamaalExtensions in Frameworks */ = {isa = PBXBuildFile; productRef = 2CD84DB82A718A320000121D /* KamaalExtensions */; };
		2CD84DC72A718A320000121D /* Preview Assets.xcassets in Resources */ = {isa = PBXBuildFile; fileRef = 2C534B2D2A717CC9001568DA /* Preview Assets.xcassets */; };
		2CD84DC82A718A320000121D /* Assets.xcassets in Resources */ = {isa = PBXBuildFile; fileRef = 2C534B292A717CC9001568DA /* Assets.xcassets */; };
/* End PBXBuildFile section */

/* Begin PBXContainerItemProxy section */
		2C6E8B4E2A71AD080098505A /* PBXContainerItemProxy */ = {
			isa = PBXContainerItemProxy;
			containerPortal = 2C534B1A2A717CC8001568DA /* Project object */;
			proxyType = 1;
			remoteGlobalIDString = 2C6E8B402A71AD080098505A;
			remoteInfo = UnixTimeWidgetIOSExtension;
		};
/* End PBXContainerItemProxy section */

/* Begin PBXCopyFilesBuildPhase section */
		2C6E8B512A71AD080098505A /* Embed Foundation Extensions */ = {
			isa = PBXCopyFilesBuildPhase;
			buildActionMask = 2147483647;
			dstPath = "";
			dstSubfolderSpec = 13;
			files = (
				2C6E8B502A71AD080098505A /* UnixTimeWidgetIOSExtension.appex in Embed Foundation Extensions */,
			);
			name = "Embed Foundation Extensions";
			runOnlyForDeploymentPostprocessing = 0;
		};
		2C6E8B692A71AD200098505A /* Embed Foundation Extensions */ = {
			isa = PBXCopyFilesBuildPhase;
			buildActionMask = 2147483647;
			dstPath = "";
			dstSubfolderSpec = 13;
			files = (
			);
			name = "Embed Foundation Extensions";
			runOnlyForDeploymentPostprocessing = 0;
		};
/* End PBXCopyFilesBuildPhase section */

/* Begin PBXFileReference section */
		2C2646692A72C6E5008C3EAB /* InfoMacOS.plist */ = {isa = PBXFileReference; lastKnownFileType = text.plist.xml; path = InfoMacOS.plist; sourceTree = "<group>"; };
		2C26466B2A72C783008C3EAB /* InfoIOS.plist */ = {isa = PBXFileReference; lastKnownFileType = text.plist.xml; path = InfoIOS.plist; sourceTree = "<group>"; };
		2C534B222A717CC8001568DA /* EpochStamp.app */ = {isa = PBXFileReference; explicitFileType = wrapper.application; includeInIndex = 0; path = EpochStamp.app; sourceTree = BUILT_PRODUCTS_DIR; };
		2C534B252A717CC8001568DA /* UnixTimeApp.swift */ = {isa = PBXFileReference; lastKnownFileType = sourcecode.swift; path = UnixTimeApp.swift; sourceTree = "<group>"; };
		2C534B272A717CC8001568DA /* ContentView.swift */ = {isa = PBXFileReference; lastKnownFileType = sourcecode.swift; path = ContentView.swift; sourceTree = "<group>"; };
		2C534B292A717CC9001568DA /* Assets.xcassets */ = {isa = PBXFileReference; lastKnownFileType = folder.assetcatalog; path = Assets.xcassets; sourceTree = "<group>"; };
		2C534B2B2A717CC9001568DA /* UnixTimeIOS.entitlements */ = {isa = PBXFileReference; lastKnownFileType = text.plist.entitlements; path = UnixTimeIOS.entitlements; sourceTree = "<group>"; };
		2C534B2D2A717CC9001568DA /* Preview Assets.xcassets */ = {isa = PBXFileReference; lastKnownFileType = folder.assetcatalog; path = "Preview Assets.xcassets"; sourceTree = "<group>"; };
		2C6E8B412A71AD080098505A /* UnixTimeWidgetIOSExtension.appex */ = {isa = PBXFileReference; explicitFileType = "wrapper.app-extension"; includeInIndex = 0; path = UnixTimeWidgetIOSExtension.appex; sourceTree = BUILT_PRODUCTS_DIR; };
		2C6E8B422A71AD080098505A /* WidgetKit.framework */ = {isa = PBXFileReference; lastKnownFileType = wrapper.framework; name = WidgetKit.framework; path = System/Library/Frameworks/WidgetKit.framework; sourceTree = SDKROOT; };
		2C6E8B442A71AD080098505A /* SwiftUI.framework */ = {isa = PBXFileReference; lastKnownFileType = wrapper.framework; name = SwiftUI.framework; path = System/Library/Frameworks/SwiftUI.framework; sourceTree = SDKROOT; };
		2C6E8B472A71AD080098505A /* UnixTimeWidgetIOSBundle.swift */ = {isa = PBXFileReference; lastKnownFileType = sourcecode.swift; path = UnixTimeWidgetIOSBundle.swift; sourceTree = "<group>"; };
		2C6E8B492A71AD080098505A /* UnixTimeWidgetIOS.swift */ = {isa = PBXFileReference; lastKnownFileType = sourcecode.swift; path = UnixTimeWidgetIOS.swift; sourceTree = "<group>"; };
		2C6E8B4D2A71AD080098505A /* Info.plist */ = {isa = PBXFileReference; lastKnownFileType = text.plist.xml; path = Info.plist; sourceTree = "<group>"; };
		2C6E8B592A71AD200098505A /* UnixTimeWidgetMacOSExtension.appex */ = {isa = PBXFileReference; explicitFileType = "wrapper.app-extension"; includeInIndex = 0; path = UnixTimeWidgetMacOSExtension.appex; sourceTree = BUILT_PRODUCTS_DIR; };
		2C6E8B5D2A71AD200098505A /* UnixTimeWidgetMacOS.swift */ = {isa = PBXFileReference; lastKnownFileType = sourcecode.swift; path = UnixTimeWidgetMacOS.swift; sourceTree = "<group>"; };
		2C6E8B612A71AD200098505A /* Info.plist */ = {isa = PBXFileReference; lastKnownFileType = text.plist.xml; path = Info.plist; sourceTree = "<group>"; };
		2C6E8B622A71AD200098505A /* UnixTimeWidgetMacOS.entitlements */ = {isa = PBXFileReference; lastKnownFileType = text.plist.entitlements; path = UnixTimeWidgetMacOS.entitlements; sourceTree = "<group>"; };
		2C7455B42A726EEE00FDBE50 /* UnixTimeWidgetEntryView.swift */ = {isa = PBXFileReference; lastKnownFileType = sourcecode.swift; path = UnixTimeWidgetEntryView.swift; sourceTree = "<group>"; };
		2C7455B72A726FA800FDBE50 /* UnixTimeEntry.swift */ = {isa = PBXFileReference; lastKnownFileType = sourcecode.swift; path = UnixTimeEntry.swift; sourceTree = "<group>"; };
		2C7455BE2A7270E900FDBE50 /* UnixTimeProvider.swift */ = {isa = PBXFileReference; lastKnownFileType = sourcecode.swift; path = UnixTimeProvider.swift; sourceTree = "<group>"; };
		2C7455C52A72767900FDBE50 /* Playground.app */ = {isa = PBXFileReference; explicitFileType = wrapper.application; includeInIndex = 0; path = Playground.app; sourceTree = BUILT_PRODUCTS_DIR; };
		2C7455C72A72767A00FDBE50 /* PlaygroundApp.swift */ = {isa = PBXFileReference; lastKnownFileType = sourcecode.swift; path = PlaygroundApp.swift; sourceTree = "<group>"; };
		2C7455C92A72767A00FDBE50 /* ContentView.swift */ = {isa = PBXFileReference; lastKnownFileType = sourcecode.swift; path = ContentView.swift; sourceTree = "<group>"; };
		2C7455CB2A72767C00FDBE50 /* Assets.xcassets */ = {isa = PBXFileReference; lastKnownFileType = folder.assetcatalog; path = Assets.xcassets; sourceTree = "<group>"; };
		2C7455CE2A72767C00FDBE50 /* Preview Assets.xcassets */ = {isa = PBXFileReference; lastKnownFileType = folder.assetcatalog; path = "Preview Assets.xcassets"; sourceTree = "<group>"; };
		2C7455D02A72767C00FDBE50 /* Playground.entitlements */ = {isa = PBXFileReference; lastKnownFileType = text.plist.entitlements; path = Playground.entitlements; sourceTree = "<group>"; };
		2C7455D82A7279F700FDBE50 /* AppLogo.swift */ = {isa = PBXFileReference; lastKnownFileType = sourcecode.swift; path = AppLogo.swift; sourceTree = "<group>"; };
		2C7455DC2A727AB800FDBE50 /* Screens.swift */ = {isa = PBXFileReference; lastKnownFileType = sourcecode.swift; path = Screens.swift; sourceTree = "<group>"; };
		2C7455E02A727AE800FDBE50 /* AppLogoCreatorScreen.swift */ = {isa = PBXFileReference; lastKnownFileType = sourcecode.swift; path = AppLogoCreatorScreen.swift; sourceTree = "<group>"; };
		2C7455E32A727B0B00FDBE50 /* PlaygroundNavigationButton.swift */ = {isa = PBXFileReference; lastKnownFileType = sourcecode.swift; path = PlaygroundNavigationButton.swift; sourceTree = "<group>"; };
		2C7455E52A727B3900FDBE50 /* WideNavigationLink.swift */ = {isa = PBXFileReference; lastKnownFileType = sourcecode.swift; path = WideNavigationLink.swift; sourceTree = "<group>"; };
		2C7455E72A728B9100FDBE50 /* AppLogoColorFormRow.swift */ = {isa = PBXFileReference; lastKnownFileType = sourcecode.swift; path = AppLogoColorFormRow.swift; sourceTree = "<group>"; };
		2C7455E92A728BA800FDBE50 /* AppLogoColorSelector.swift */ = {isa = PBXFileReference; lastKnownFileType = sourcecode.swift; path = AppLogoColorSelector.swift; sourceTree = "<group>"; };
		2C7455EC2A728D4C00FDBE50 /* app-icon-generator */ = {isa = PBXFileReference; lastKnownFileType = "compiled.mach-o.executable"; path = "app-icon-generator"; sourceTree = "<group>"; };
		2C7455EF2A728D8400FDBE50 /* FileManager+extensions.swift */ = {isa = PBXFileReference; lastKnownFileType = sourcecode.swift; path = "FileManager+extensions.swift"; sourceTree = "<group>"; };
		2C76A3C32A7199C400A0C331 /* MenuPopoverClock.swift */ = {isa = PBXFileReference; lastKnownFileType = sourcecode.swift; path = MenuPopoverClock.swift; sourceTree = "<group>"; };
		2C76A3CA2A719F6700A0C331 /* en */ = {isa = PBXFileReference; lastKnownFileType = text.plist.strings; name = en; path = en.lproj/Localizable.strings; sourceTree = "<group>"; };
		2C76A3D42A71A95800A0C331 /* nl */ = {isa = PBXFileReference; lastKnownFileType = text.plist.strings; name = nl; path = nl.lproj/Localizable.strings; sourceTree = "<group>"; };
		2CB5A22F2A72B602008653D0 /* Shell+extensions.swift */ = {isa = PBXFileReference; lastKnownFileType = sourcecode.swift; path = "Shell+extensions.swift"; sourceTree = "<group>"; };
		2CB5A2322A72BE01008653D0 /* VCR_OSD_MONO.ttf */ = {isa = PBXFileReference; lastKnownFileType = file; path = VCR_OSD_MONO.ttf; sourceTree = "<group>"; };
		2CB5A2342A72BE1E008653D0 /* Info.plist */ = {isa = PBXFileReference; lastKnownFileType = text.plist; path = Info.plist; sourceTree = "<group>"; };
		2CD84DAF2A7181750000121D /* ClockManager.swift */ = {isa = PBXFileReference; lastKnownFileType = sourcecode.swift; path = ClockManager.swift; sourceTree = "<group>"; };
		2CD84DB12A71841C0000121D /* AppDelegateMacOS.swift */ = {isa = PBXFileReference; lastKnownFileType = sourcecode.swift; path = AppDelegateMacOS.swift; sourceTree = "<group>"; };
		2CD84DB32A7188560000121D /* ClockView.swift */ = {isa = PBXFileReference; lastKnownFileType = sourcecode.swift; path = ClockView.swift; sourceTree = "<group>"; };
		2CD84DCC2A718A320000121D /* EpochStamp.app */ = {isa = PBXFileReference; explicitFileType = wrapper.application; includeInIndex = 0; path = EpochStamp.app; sourceTree = BUILT_PRODUCTS_DIR; };
		2CD84DCD2A718AC40000121D /* UnixTimeMacOS.entitlements */ = {isa = PBXFileReference; lastKnownFileType = text.plist.entitlements; path = UnixTimeMacOS.entitlements; sourceTree = "<group>"; };
/* End PBXFileReference section */

/* Begin PBXFrameworksBuildPhase section */
		2C534B1F2A717CC8001568DA /* Frameworks */ = {
			isa = PBXFrameworksBuildPhase;
			buildActionMask = 2147483647;
			files = (
				2CD84DA82A7180C80000121D /* KamaalExtensions in Frameworks */,
				2C76A3CE2A71A00600A0C331 /* KamaalUI in Frameworks */,
			);
			runOnlyForDeploymentPostprocessing = 0;
		};
		2C6E8B3E2A71AD080098505A /* Frameworks */ = {
			isa = PBXFrameworksBuildPhase;
			buildActionMask = 2147483647;
			files = (
				2C7455BD2A7270A900FDBE50 /* KamaalExtensions in Frameworks */,
				2C6E8B452A71AD080098505A /* SwiftUI.framework in Frameworks */,
				2C6E8B432A71AD080098505A /* WidgetKit.framework in Frameworks */,
			);
			runOnlyForDeploymentPostprocessing = 0;
		};
		2C6E8B562A71AD200098505A /* Frameworks */ = {
			isa = PBXFrameworksBuildPhase;
			buildActionMask = 2147483647;
			files = (
				2C7455BB2A7270A400FDBE50 /* KamaalExtensions in Frameworks */,
				2C6E8B5B2A71AD200098505A /* SwiftUI.framework in Frameworks */,
				2C6E8B5A2A71AD200098505A /* WidgetKit.framework in Frameworks */,
			);
			runOnlyForDeploymentPostprocessing = 0;
		};
		2C7455C22A72767900FDBE50 /* Frameworks */ = {
			isa = PBXFrameworksBuildPhase;
			buildActionMask = 2147483647;
			files = (
				2CB5A22E2A72B40D008653D0 /* KamaalUtils in Frameworks */,
				2C7455DB2A727A5F00FDBE50 /* KamaalUI in Frameworks */,
				2C7455F22A728D9B00FDBE50 /* KamaalExtensions in Frameworks */,
			);
			runOnlyForDeploymentPostprocessing = 0;
		};
		2CD84DC12A718A320000121D /* Frameworks */ = {
			isa = PBXFrameworksBuildPhase;
			buildActionMask = 2147483647;
			files = (
				2CD84DC32A718A320000121D /* KamaalExtensions in Frameworks */,
				2C76A3D02A71A01500A0C331 /* KamaalUI in Frameworks */,
			);
			runOnlyForDeploymentPostprocessing = 0;
		};
/* End PBXFrameworksBuildPhase section */

/* Begin PBXGroup section */
		2C534B192A717CC8001568DA = {
			isa = PBXGroup;
			children = (
				2C76A3CC2A71A00600A0C331 /* Frameworks */,
				2C7455C62A72767A00FDBE50 /* Playground */,
				2C534B232A717CC8001568DA /* Products */,
				2C534B242A717CC8001568DA /* UnixTime */,
				2CC7EFA02A7264FA008D1496 /* Widgets */,
			);
			sourceTree = "<group>";
		};
		2C534B232A717CC8001568DA /* Products */ = {
			isa = PBXGroup;
			children = (
				2C534B222A717CC8001568DA /* EpochStamp.app */,
				2CD84DCC2A718A320000121D /* EpochStamp.app */,
				2C6E8B412A71AD080098505A /* UnixTimeWidgetIOSExtension.appex */,
				2C6E8B592A71AD200098505A /* UnixTimeWidgetMacOSExtension.appex */,
				2C7455C52A72767900FDBE50 /* Playground.app */,
			);
			name = Products;
			sourceTree = "<group>";
		};
		2C534B242A717CC8001568DA /* UnixTime */ = {
			isa = PBXGroup;
			children = (
				2C534B2B2A717CC9001568DA /* UnixTimeIOS.entitlements */,
				2CD84DCD2A718AC40000121D /* UnixTimeMacOS.entitlements */,
				2C26466B2A72C783008C3EAB /* InfoIOS.plist */,
				2C2646692A72C6E5008C3EAB /* InfoMacOS.plist */,
				2CD84DB12A71841C0000121D /* AppDelegateMacOS.swift */,
				2C534B272A717CC8001568DA /* ContentView.swift */,
				2C534B252A717CC8001568DA /* UnixTimeApp.swift */,
				2C534B292A717CC9001568DA /* Assets.xcassets */,
				2C76A3CB2A719F6700A0C331 /* Localizable.strings */,
				2CD84DD02A718C1B0000121D /* Models */,
				2C534B2C2A717CC9001568DA /* Preview Content */,
				2CD84DCE2A718C040000121D /* Views */,
			);
			path = UnixTime;
			sourceTree = "<group>";
		};
		2C534B2C2A717CC9001568DA /* Preview Content */ = {
			isa = PBXGroup;
			children = (
				2C534B2D2A717CC9001568DA /* Preview Assets.xcassets */,
			);
			path = "Preview Content";
			sourceTree = "<group>";
		};
		2C6E8B462A71AD080098505A /* iOS */ = {
			isa = PBXGroup;
			children = (
				2C6E8B4D2A71AD080098505A /* Info.plist */,
				2C6E8B492A71AD080098505A /* UnixTimeWidgetIOS.swift */,
				2C6E8B472A71AD080098505A /* UnixTimeWidgetIOSBundle.swift */,
			);
			path = iOS;
			sourceTree = "<group>";
		};
		2C6E8B5C2A71AD200098505A /* macOS */ = {
			isa = PBXGroup;
			children = (
				2C6E8B622A71AD200098505A /* UnixTimeWidgetMacOS.entitlements */,
				2C6E8B612A71AD200098505A /* Info.plist */,
				2C6E8B5D2A71AD200098505A /* UnixTimeWidgetMacOS.swift */,
			);
			path = macOS;
			sourceTree = "<group>";
		};
		2C7455B12A726C5B00FDBE50 /* UnixTime */ = {
			isa = PBXGroup;
			children = (
				2C6E8B462A71AD080098505A /* iOS */,
				2C6E8B5C2A71AD200098505A /* macOS */,
				2C7455B22A726EAA00FDBE50 /* Shared */,
			);
			path = UnixTime;
			sourceTree = "<group>";
		};
		2C7455B22A726EAA00FDBE50 /* Shared */ = {
			isa = PBXGroup;
			children = (
				2C7455B72A726FA800FDBE50 /* UnixTimeEntry.swift */,
				2C7455BE2A7270E900FDBE50 /* UnixTimeProvider.swift */,
				2C7455B42A726EEE00FDBE50 /* UnixTimeWidgetEntryView.swift */,
			);
			path = Shared;
			sourceTree = "<group>";
		};
		2C7455C62A72767A00FDBE50 /* Playground */ = {
			isa = PBXGroup;
			children = (
				2C7455D02A72767C00FDBE50 /* Playground.entitlements */,
				2CB5A2342A72BE1E008653D0 /* Info.plist */,
				2C7455D82A7279F700FDBE50 /* AppLogo.swift */,
				2C7455C92A72767A00FDBE50 /* ContentView.swift */,
				2C7455C72A72767A00FDBE50 /* PlaygroundApp.swift */,
				2C7455DC2A727AB800FDBE50 /* Screens.swift */,
				2C7455CB2A72767C00FDBE50 /* Assets.xcassets */,
				2C7455EE2A728D7500FDBE50 /* Extensions */,
				2C7455CD2A72767C00FDBE50 /* Preview Content */,
				2C7455EB2A728D3E00FDBE50 /* Resources */,
				2C7455F32A728DBD00FDBE50 /* Utilities */,
				2C7455DE2A727AD600FDBE50 /* Views */,
			);
			path = Playground;
			sourceTree = "<group>";
		};
		2C7455CD2A72767C00FDBE50 /* Preview Content */ = {
			isa = PBXGroup;
			children = (
				2C7455CE2A72767C00FDBE50 /* Preview Assets.xcassets */,
			);
			path = "Preview Content";
			sourceTree = "<group>";
		};
		2C7455DE2A727AD600FDBE50 /* Views */ = {
			isa = PBXGroup;
			children = (
				2C7455DF2A727ADC00FDBE50 /* Screens */,
				2C7455E22A727AFE00FDBE50 /* SupportingViews */,
			);
			path = Views;
			sourceTree = "<group>";
		};
		2C7455DF2A727ADC00FDBE50 /* Screens */ = {
			isa = PBXGroup;
			children = (
				2C7455E02A727AE800FDBE50 /* AppLogoCreatorScreen.swift */,
			);
			path = Screens;
			sourceTree = "<group>";
		};
		2C7455E22A727AFE00FDBE50 /* SupportingViews */ = {
			isa = PBXGroup;
			children = (
				2C7455E72A728B9100FDBE50 /* AppLogoColorFormRow.swift */,
				2C7455E92A728BA800FDBE50 /* AppLogoColorSelector.swift */,
				2C7455E32A727B0B00FDBE50 /* PlaygroundNavigationButton.swift */,
				2C7455E52A727B3900FDBE50 /* WideNavigationLink.swift */,
			);
			path = SupportingViews;
			sourceTree = "<group>";
		};
		2C7455EB2A728D3E00FDBE50 /* Resources */ = {
			isa = PBXGroup;
			children = (
				2C7455EC2A728D4C00FDBE50 /* app-icon-generator */,
				2CB5A2312A72BDCF008653D0 /* Fonts */,
			);
			path = Resources;
			sourceTree = "<group>";
		};
		2C7455EE2A728D7500FDBE50 /* Extensions */ = {
			isa = PBXGroup;
			children = (
				2C7455EF2A728D8400FDBE50 /* FileManager+extensions.swift */,
				2CB5A22F2A72B602008653D0 /* Shell+extensions.swift */,
			);
			path = Extensions;
			sourceTree = "<group>";
		};
		2C7455F32A728DBD00FDBE50 /* Utilities */ = {
			isa = PBXGroup;
			children = (
			);
			path = Utilities;
			sourceTree = "<group>";
		};
		2C76A3CC2A71A00600A0C331 /* Frameworks */ = {
			isa = PBXGroup;
			children = (
				2C6E8B422A71AD080098505A /* WidgetKit.framework */,
				2C6E8B442A71AD080098505A /* SwiftUI.framework */,
			);
			name = Frameworks;
			sourceTree = "<group>";
		};
		2CB5A2312A72BDCF008653D0 /* Fonts */ = {
			isa = PBXGroup;
			children = (
				2CB5A2322A72BE01008653D0 /* VCR_OSD_MONO.ttf */,
			);
			path = Fonts;
			sourceTree = "<group>";
		};
		2CC7EFA02A7264FA008D1496 /* Widgets */ = {
			isa = PBXGroup;
			children = (
				2C7455B12A726C5B00FDBE50 /* UnixTime */,
			);
			path = Widgets;
			sourceTree = "<group>";
		};
		2CD84DCE2A718C040000121D /* Views */ = {
			isa = PBXGroup;
			children = (
				2CD84DB32A7188560000121D /* ClockView.swift */,
				2C76A3C32A7199C400A0C331 /* MenuPopoverClock.swift */,
			);
			path = Views;
			sourceTree = "<group>";
		};
		2CD84DD02A718C1B0000121D /* Models */ = {
			isa = PBXGroup;
			children = (
				2CD84DD12A718C1F0000121D /* Managers */,
			);
			path = Models;
			sourceTree = "<group>";
		};
		2CD84DD12A718C1F0000121D /* Managers */ = {
			isa = PBXGroup;
			children = (
				2CD84DAF2A7181750000121D /* ClockManager.swift */,
			);
			path = Managers;
			sourceTree = "<group>";
		};
/* End PBXGroup section */

/* Begin PBXNativeTarget section */
		2C534B212A717CC8001568DA /* UnixTime (macOS) */ = {
			isa = PBXNativeTarget;
			buildConfigurationList = 2C534B312A717CC9001568DA /* Build configuration list for PBXNativeTarget "UnixTime (macOS)" */;
			buildPhases = (
				2C534B1E2A717CC8001568DA /* Sources */,
				2C534B1F2A717CC8001568DA /* Frameworks */,
				2C534B202A717CC8001568DA /* Resources */,
				2C6E8B692A71AD200098505A /* Embed Foundation Extensions */,
			);
			buildRules = (
			);
			dependencies = (
			);
			name = "UnixTime (macOS)";
			packageProductDependencies = (
				2CD84DA72A7180C80000121D /* KamaalExtensions */,
				2C76A3CD2A71A00600A0C331 /* KamaalUI */,
			);
			productName = UnixTime;
			productReference = 2C534B222A717CC8001568DA /* EpochStamp.app */;
			productType = "com.apple.product-type.application";
		};
		2C6E8B402A71AD080098505A /* UnixTimeWidgetIOSExtension */ = {
			isa = PBXNativeTarget;
			buildConfigurationList = 2C6E8B542A71AD080098505A /* Build configuration list for PBXNativeTarget "UnixTimeWidgetIOSExtension" */;
			buildPhases = (
				2C6E8B3D2A71AD080098505A /* Sources */,
				2C6E8B3E2A71AD080098505A /* Frameworks */,
				2C6E8B3F2A71AD080098505A /* Resources */,
			);
			buildRules = (
			);
			dependencies = (
			);
			name = UnixTimeWidgetIOSExtension;
			packageProductDependencies = (
				2C7455BC2A7270A900FDBE50 /* KamaalExtensions */,
			);
			productName = UnixTimeWidgetIOSExtension;
			productReference = 2C6E8B412A71AD080098505A /* UnixTimeWidgetIOSExtension.appex */;
			productType = "com.apple.product-type.app-extension";
		};
		2C6E8B582A71AD200098505A /* UnixTimeWidgetMacOSExtension */ = {
			isa = PBXNativeTarget;
			buildConfigurationList = 2C6E8B662A71AD200098505A /* Build configuration list for PBXNativeTarget "UnixTimeWidgetMacOSExtension" */;
			buildPhases = (
				2C6E8B552A71AD200098505A /* Sources */,
				2C6E8B562A71AD200098505A /* Frameworks */,
				2C6E8B572A71AD200098505A /* Resources */,
			);
			buildRules = (
			);
			dependencies = (
			);
			name = UnixTimeWidgetMacOSExtension;
			packageProductDependencies = (
				2C7455BA2A7270A400FDBE50 /* KamaalExtensions */,
			);
			productName = UnixTimeWidgetMacOSExtension;
			productReference = 2C6E8B592A71AD200098505A /* UnixTimeWidgetMacOSExtension.appex */;
			productType = "com.apple.product-type.app-extension";
		};
		2C7455C42A72767900FDBE50 /* Playground */ = {
			isa = PBXNativeTarget;
			buildConfigurationList = 2C7455D12A72767C00FDBE50 /* Build configuration list for PBXNativeTarget "Playground" */;
			buildPhases = (
				2C7455C12A72767900FDBE50 /* Sources */,
				2C7455C22A72767900FDBE50 /* Frameworks */,
				2C7455C32A72767900FDBE50 /* Resources */,
			);
			buildRules = (
			);
			dependencies = (
			);
			name = Playground;
			packageProductDependencies = (
				2C7455DA2A727A5F00FDBE50 /* KamaalUI */,
				2C7455F12A728D9B00FDBE50 /* KamaalExtensions */,
				2CB5A22D2A72B40D008653D0 /* KamaalUtils */,
			);
			productName = Playground;
			productReference = 2C7455C52A72767900FDBE50 /* Playground.app */;
			productType = "com.apple.product-type.application";
		};
		2CD84DB52A718A320000121D /* UnixTime (iOS) */ = {
			isa = PBXNativeTarget;
			buildConfigurationList = 2CD84DC92A718A320000121D /* Build configuration list for PBXNativeTarget "UnixTime (iOS)" */;
			buildPhases = (
				2CD84DBB2A718A320000121D /* Sources */,
				2CD84DC12A718A320000121D /* Frameworks */,
				2CD84DC62A718A320000121D /* Resources */,
				2C6E8B512A71AD080098505A /* Embed Foundation Extensions */,
			);
			buildRules = (
			);
			dependencies = (
				2C6E8B4F2A71AD080098505A /* PBXTargetDependency */,
			);
			name = "UnixTime (iOS)";
			packageProductDependencies = (
				2CD84DB82A718A320000121D /* KamaalExtensions */,
				2C76A3CF2A71A01500A0C331 /* KamaalUI */,
			);
			productName = UnixTime;
			productReference = 2CD84DCC2A718A320000121D /* EpochStamp.app */;
			productType = "com.apple.product-type.application";
		};
/* End PBXNativeTarget section */

/* Begin PBXProject section */
		2C534B1A2A717CC8001568DA /* Project object */ = {
			isa = PBXProject;
			attributes = {
				BuildIndependentTargetsInParallel = 1;
				LastSwiftUpdateCheck = 1500;
				LastUpgradeCheck = 1430;
				TargetAttributes = {
					2C534B212A717CC8001568DA = {
						CreatedOnToolsVersion = 14.3.1;
					};
					2C6E8B402A71AD080098505A = {
						CreatedOnToolsVersion = 14.3.1;
					};
					2C6E8B582A71AD200098505A = {
						CreatedOnToolsVersion = 14.3.1;
					};
					2C7455C42A72767900FDBE50 = {
						CreatedOnToolsVersion = 15.0;
					};
				};
			};
			buildConfigurationList = 2C534B1D2A717CC8001568DA /* Build configuration list for PBXProject "UnixTime" */;
			compatibilityVersion = "Xcode 14.0";
			developmentRegion = en;
			hasScannedForEncodings = 0;
			knownRegions = (
				en,
				Base,
				nl,
			);
			mainGroup = 2C534B192A717CC8001568DA;
			packageReferences = (
				2CD84DA42A7180C80000121D /* XCRemoteSwiftPackageReference "KamaalSwift" */,
			);
			productRefGroup = 2C534B232A717CC8001568DA /* Products */;
			projectDirPath = "";
			projectRoot = "";
			targets = (
				2C534B212A717CC8001568DA /* UnixTime (macOS) */,
				2C6E8B582A71AD200098505A /* UnixTimeWidgetMacOSExtension */,
				2CD84DB52A718A320000121D /* UnixTime (iOS) */,
				2C6E8B402A71AD080098505A /* UnixTimeWidgetIOSExtension */,
				2C7455C42A72767900FDBE50 /* Playground */,
			);
		};
/* End PBXProject section */

/* Begin PBXResourcesBuildPhase section */
		2C534B202A717CC8001568DA /* Resources */ = {
			isa = PBXResourcesBuildPhase;
			buildActionMask = 2147483647;
			files = (
				2C534B2E2A717CC9001568DA /* Preview Assets.xcassets in Resources */,
				2C76A3C82A719F6700A0C331 /* Localizable.strings in Resources */,
				2C534B2A2A717CC9001568DA /* Assets.xcassets in Resources */,
			);
			runOnlyForDeploymentPostprocessing = 0;
		};
		2C6E8B3F2A71AD080098505A /* Resources */ = {
			isa = PBXResourcesBuildPhase;
			buildActionMask = 2147483647;
			files = (
				2C7455D52A7276C900FDBE50 /* Assets.xcassets in Resources */,
				2CC7EFA12A7265A6008D1496 /* Localizable.strings in Resources */,
			);
			runOnlyForDeploymentPostprocessing = 0;
		};
		2C6E8B572A71AD200098505A /* Resources */ = {
			isa = PBXResourcesBuildPhase;
			buildActionMask = 2147483647;
			files = (
				2C7455D42A7276C800FDBE50 /* Assets.xcassets in Resources */,
				2CC7EFA22A7265A8008D1496 /* Localizable.strings in Resources */,
			);
			runOnlyForDeploymentPostprocessing = 0;
		};
		2C7455C32A72767900FDBE50 /* Resources */ = {
			isa = PBXResourcesBuildPhase;
			buildActionMask = 2147483647;
			files = (
				2CB5A2332A72BE01008653D0 /* VCR_OSD_MONO.ttf in Resources */,
				2C7455CF2A72767C00FDBE50 /* Preview Assets.xcassets in Resources */,
				2C7455ED2A728D4C00FDBE50 /* app-icon-generator in Resources */,
				2C7455CC2A72767C00FDBE50 /* Assets.xcassets in Resources */,
			);
			runOnlyForDeploymentPostprocessing = 0;
		};
		2CD84DC62A718A320000121D /* Resources */ = {
			isa = PBXResourcesBuildPhase;
			buildActionMask = 2147483647;
			files = (
				2CD84DC72A718A320000121D /* Preview Assets.xcassets in Resources */,
				2C76A3C92A719F6700A0C331 /* Localizable.strings in Resources */,
				2CD84DC82A718A320000121D /* Assets.xcassets in Resources */,
			);
			runOnlyForDeploymentPostprocessing = 0;
		};
/* End PBXResourcesBuildPhase section */

/* Begin PBXSourcesBuildPhase section */
		2C534B1E2A717CC8001568DA /* Sources */ = {
			isa = PBXSourcesBuildPhase;
			buildActionMask = 2147483647;
			files = (
				2CD84DB22A71841C0000121D /* AppDelegateMacOS.swift in Sources */,
				2CD84DB42A7188560000121D /* ClockView.swift in Sources */,
				2C534B282A717CC8001568DA /* ContentView.swift in Sources */,
				2CD84DB02A7181750000121D /* ClockManager.swift in Sources */,
				2C534B262A717CC8001568DA /* UnixTimeApp.swift in Sources */,
				2C76A3C42A7199C400A0C331 /* MenuPopoverClock.swift in Sources */,
			);
			runOnlyForDeploymentPostprocessing = 0;
		};
		2C6E8B3D2A71AD080098505A /* Sources */ = {
			isa = PBXSourcesBuildPhase;
			buildActionMask = 2147483647;
			files = (
				2C7455C02A7270E900FDBE50 /* UnixTimeProvider.swift in Sources */,
				2C6E8B4A2A71AD080098505A /* UnixTimeWidgetIOS.swift in Sources */,
				2C7455B62A726EEE00FDBE50 /* UnixTimeWidgetEntryView.swift in Sources */,
				2C6E8B482A71AD080098505A /* UnixTimeWidgetIOSBundle.swift in Sources */,
				2C7455B92A726FA800FDBE50 /* UnixTimeEntry.swift in Sources */,
			);
			runOnlyForDeploymentPostprocessing = 0;
		};
		2C6E8B552A71AD200098505A /* Sources */ = {
			isa = PBXSourcesBuildPhase;
			buildActionMask = 2147483647;
			files = (
				2C7455B82A726FA800FDBE50 /* UnixTimeEntry.swift in Sources */,
				2C7455B52A726EEE00FDBE50 /* UnixTimeWidgetEntryView.swift in Sources */,
				2C6E8B5E2A71AD200098505A /* UnixTimeWidgetMacOS.swift in Sources */,
				2C7455BF2A7270E900FDBE50 /* UnixTimeProvider.swift in Sources */,
			);
			runOnlyForDeploymentPostprocessing = 0;
		};
		2C7455C12A72767900FDBE50 /* Sources */ = {
			isa = PBXSourcesBuildPhase;
			buildActionMask = 2147483647;
			files = (
				2C7455EA2A728BA800FDBE50 /* AppLogoColorSelector.swift in Sources */,
				2C7455CA2A72767A00FDBE50 /* ContentView.swift in Sources */,
				2C7455E82A728B9100FDBE50 /* AppLogoColorFormRow.swift in Sources */,
				2C7455E12A727AE800FDBE50 /* AppLogoCreatorScreen.swift in Sources */,
				2C7455E42A727B0B00FDBE50 /* PlaygroundNavigationButton.swift in Sources */,
				2CB5A2302A72B602008653D0 /* Shell+extensions.swift in Sources */,
				2C7455C82A72767A00FDBE50 /* PlaygroundApp.swift in Sources */,
				2C7455D92A7279F700FDBE50 /* AppLogo.swift in Sources */,
				2C7455F02A728D8400FDBE50 /* FileManager+extensions.swift in Sources */,
				2C7455E62A727B3900FDBE50 /* WideNavigationLink.swift in Sources */,
				2C7455DD2A727AB800FDBE50 /* Screens.swift in Sources */,
			);
			runOnlyForDeploymentPostprocessing = 0;
		};
		2CD84DBB2A718A320000121D /* Sources */ = {
			isa = PBXSourcesBuildPhase;
			buildActionMask = 2147483647;
			files = (
				2CD84DBD2A718A320000121D /* ClockView.swift in Sources */,
				2CD84DBE2A718A320000121D /* ContentView.swift in Sources */,
				2CD84DBF2A718A320000121D /* ClockManager.swift in Sources */,
				2CD84DC02A718A320000121D /* UnixTimeApp.swift in Sources */,
			);
			runOnlyForDeploymentPostprocessing = 0;
		};
/* End PBXSourcesBuildPhase section */

/* Begin PBXTargetDependency section */
		2C6E8B4F2A71AD080098505A /* PBXTargetDependency */ = {
			isa = PBXTargetDependency;
			target = 2C6E8B402A71AD080098505A /* UnixTimeWidgetIOSExtension */;
			targetProxy = 2C6E8B4E2A71AD080098505A /* PBXContainerItemProxy */;
		};
/* End PBXTargetDependency section */

/* Begin PBXVariantGroup section */
		2C76A3CB2A719F6700A0C331 /* Localizable.strings */ = {
			isa = PBXVariantGroup;
			children = (
				2C76A3CA2A719F6700A0C331 /* en */,
				2C76A3D42A71A95800A0C331 /* nl */,
			);
			name = Localizable.strings;
			sourceTree = "<group>";
		};
/* End PBXVariantGroup section */

/* Begin XCBuildConfiguration section */
		2C534B2F2A717CC9001568DA /* Debug */ = {
			isa = XCBuildConfiguration;
			buildSettings = {
				ALWAYS_SEARCH_USER_PATHS = NO;
				CLANG_ANALYZER_LOCALIZABILITY_NONLOCALIZED = YES;
				CLANG_ANALYZER_NONNULL = YES;
				CLANG_ANALYZER_NUMBER_OBJECT_CONVERSION = YES_AGGRESSIVE;
				CLANG_CXX_LANGUAGE_STANDARD = "gnu++20";
				CLANG_ENABLE_MODULES = YES;
				CLANG_ENABLE_OBJC_ARC = YES;
				CLANG_ENABLE_OBJC_WEAK = YES;
				CLANG_WARN_BLOCK_CAPTURE_AUTORELEASING = YES;
				CLANG_WARN_BOOL_CONVERSION = YES;
				CLANG_WARN_COMMA = YES;
				CLANG_WARN_CONSTANT_CONVERSION = YES;
				CLANG_WARN_DEPRECATED_OBJC_IMPLEMENTATIONS = YES;
				CLANG_WARN_DIRECT_OBJC_ISA_USAGE = YES_ERROR;
				CLANG_WARN_DOCUMENTATION_COMMENTS = YES;
				CLANG_WARN_EMPTY_BODY = YES;
				CLANG_WARN_ENUM_CONVERSION = YES;
				CLANG_WARN_INFINITE_RECURSION = YES;
				CLANG_WARN_INT_CONVERSION = YES;
				CLANG_WARN_NON_LITERAL_NULL_CONVERSION = YES;
				CLANG_WARN_OBJC_IMPLICIT_RETAIN_SELF = YES;
				CLANG_WARN_OBJC_LITERAL_CONVERSION = YES;
				CLANG_WARN_OBJC_ROOT_CLASS = YES_ERROR;
				CLANG_WARN_QUOTED_INCLUDE_IN_FRAMEWORK_HEADER = YES;
				CLANG_WARN_RANGE_LOOP_ANALYSIS = YES;
				CLANG_WARN_STRICT_PROTOTYPES = YES;
				CLANG_WARN_SUSPICIOUS_MOVE = YES;
				CLANG_WARN_UNGUARDED_AVAILABILITY = YES_AGGRESSIVE;
				CLANG_WARN_UNREACHABLE_CODE = YES;
				CLANG_WARN__DUPLICATE_METHOD_MATCH = YES;
				COPY_PHASE_STRIP = NO;
				DEAD_CODE_STRIPPING = YES;
				DEBUG_INFORMATION_FORMAT = dwarf;
				ENABLE_STRICT_OBJC_MSGSEND = YES;
				ENABLE_TESTABILITY = YES;
				GCC_C_LANGUAGE_STANDARD = gnu11;
				GCC_DYNAMIC_NO_PIC = NO;
				GCC_NO_COMMON_BLOCKS = YES;
				GCC_OPTIMIZATION_LEVEL = 0;
				GCC_PREPROCESSOR_DEFINITIONS = (
					"DEBUG=1",
					"$(inherited)",
				);
				GCC_WARN_64_TO_32_BIT_CONVERSION = YES;
				GCC_WARN_ABOUT_RETURN_TYPE = YES_ERROR;
				GCC_WARN_UNDECLARED_SELECTOR = YES;
				GCC_WARN_UNINITIALIZED_AUTOS = YES_AGGRESSIVE;
				GCC_WARN_UNUSED_FUNCTION = YES;
				GCC_WARN_UNUSED_VARIABLE = YES;
				IPHONEOS_DEPLOYMENT_TARGET = 16.0;
				MACOSX_DEPLOYMENT_TARGET = 13.0;
				MTL_ENABLE_DEBUG_INFO = INCLUDE_SOURCE;
				MTL_FAST_MATH = YES;
				ONLY_ACTIVE_ARCH = YES;
				SWIFT_ACTIVE_COMPILATION_CONDITIONS = DEBUG;
				SWIFT_OPTIMIZATION_LEVEL = "-Onone";
			};
			name = Debug;
		};
		2C534B302A717CC9001568DA /* Release */ = {
			isa = XCBuildConfiguration;
			buildSettings = {
				ALWAYS_SEARCH_USER_PATHS = NO;
				CLANG_ANALYZER_LOCALIZABILITY_NONLOCALIZED = YES;
				CLANG_ANALYZER_NONNULL = YES;
				CLANG_ANALYZER_NUMBER_OBJECT_CONVERSION = YES_AGGRESSIVE;
				CLANG_CXX_LANGUAGE_STANDARD = "gnu++20";
				CLANG_ENABLE_MODULES = YES;
				CLANG_ENABLE_OBJC_ARC = YES;
				CLANG_ENABLE_OBJC_WEAK = YES;
				CLANG_WARN_BLOCK_CAPTURE_AUTORELEASING = YES;
				CLANG_WARN_BOOL_CONVERSION = YES;
				CLANG_WARN_COMMA = YES;
				CLANG_WARN_CONSTANT_CONVERSION = YES;
				CLANG_WARN_DEPRECATED_OBJC_IMPLEMENTATIONS = YES;
				CLANG_WARN_DIRECT_OBJC_ISA_USAGE = YES_ERROR;
				CLANG_WARN_DOCUMENTATION_COMMENTS = YES;
				CLANG_WARN_EMPTY_BODY = YES;
				CLANG_WARN_ENUM_CONVERSION = YES;
				CLANG_WARN_INFINITE_RECURSION = YES;
				CLANG_WARN_INT_CONVERSION = YES;
				CLANG_WARN_NON_LITERAL_NULL_CONVERSION = YES;
				CLANG_WARN_OBJC_IMPLICIT_RETAIN_SELF = YES;
				CLANG_WARN_OBJC_LITERAL_CONVERSION = YES;
				CLANG_WARN_OBJC_ROOT_CLASS = YES_ERROR;
				CLANG_WARN_QUOTED_INCLUDE_IN_FRAMEWORK_HEADER = YES;
				CLANG_WARN_RANGE_LOOP_ANALYSIS = YES;
				CLANG_WARN_STRICT_PROTOTYPES = YES;
				CLANG_WARN_SUSPICIOUS_MOVE = YES;
				CLANG_WARN_UNGUARDED_AVAILABILITY = YES_AGGRESSIVE;
				CLANG_WARN_UNREACHABLE_CODE = YES;
				CLANG_WARN__DUPLICATE_METHOD_MATCH = YES;
				COPY_PHASE_STRIP = NO;
				DEAD_CODE_STRIPPING = YES;
				DEBUG_INFORMATION_FORMAT = "dwarf-with-dsym";
				ENABLE_NS_ASSERTIONS = NO;
				ENABLE_STRICT_OBJC_MSGSEND = YES;
				GCC_C_LANGUAGE_STANDARD = gnu11;
				GCC_NO_COMMON_BLOCKS = YES;
				GCC_WARN_64_TO_32_BIT_CONVERSION = YES;
				GCC_WARN_ABOUT_RETURN_TYPE = YES_ERROR;
				GCC_WARN_UNDECLARED_SELECTOR = YES;
				GCC_WARN_UNINITIALIZED_AUTOS = YES_AGGRESSIVE;
				GCC_WARN_UNUSED_FUNCTION = YES;
				GCC_WARN_UNUSED_VARIABLE = YES;
				IPHONEOS_DEPLOYMENT_TARGET = 16.0;
				MACOSX_DEPLOYMENT_TARGET = 13.0;
				MTL_ENABLE_DEBUG_INFO = NO;
				MTL_FAST_MATH = YES;
				SWIFT_COMPILATION_MODE = wholemodule;
				SWIFT_OPTIMIZATION_LEVEL = "-O";
			};
			name = Release;
		};
		2C534B322A717CC9001568DA /* Debug */ = {
			isa = XCBuildConfiguration;
			buildSettings = {
				ALWAYS_EMBED_SWIFT_STANDARD_LIBRARIES = YES;
				ASSETCATALOG_COMPILER_APPICON_NAME = AppIconMacOS;
				ASSETCATALOG_COMPILER_GLOBAL_ACCENT_COLOR_NAME = AccentColor;
				CODE_SIGN_ENTITLEMENTS = UnixTime/UnixTimeMacOS.entitlements;
				"CODE_SIGN_IDENTITY[sdk=macosx*]" = "Mac Developer";
				CODE_SIGN_STYLE = Manual;
				CURRENT_PROJECT_VERSION = 8;
				DEAD_CODE_STRIPPING = YES;
				DEVELOPMENT_ASSET_PATHS = "\"UnixTime/Preview Content\"";
				DEVELOPMENT_TEAM = "";
				"DEVELOPMENT_TEAM[sdk=macosx*]" = DXUKH9VF73;
				ENABLE_HARDENED_RUNTIME = YES;
				ENABLE_PREVIEWS = YES;
				GENERATE_INFOPLIST_FILE = YES;
				INFOPLIST_FILE = UnixTime/InfoMacOS.plist;
				INFOPLIST_KEY_CFBundleDisplayName = EpochStamp;
				INFOPLIST_KEY_LSApplicationCategoryType = "public.app-category.utilities";
				INFOPLIST_KEY_LSUIElement = YES;
				"INFOPLIST_KEY_UIApplicationSceneManifest_Generation[sdk=iphoneos*]" = YES;
				"INFOPLIST_KEY_UIApplicationSceneManifest_Generation[sdk=iphonesimulator*]" = YES;
				"INFOPLIST_KEY_UIApplicationSupportsIndirectInputEvents[sdk=iphoneos*]" = YES;
				"INFOPLIST_KEY_UIApplicationSupportsIndirectInputEvents[sdk=iphonesimulator*]" = YES;
				"INFOPLIST_KEY_UILaunchScreen_Generation[sdk=iphoneos*]" = YES;
				"INFOPLIST_KEY_UILaunchScreen_Generation[sdk=iphonesimulator*]" = YES;
				"INFOPLIST_KEY_UIStatusBarStyle[sdk=iphoneos*]" = UIStatusBarStyleDefault;
				"INFOPLIST_KEY_UIStatusBarStyle[sdk=iphonesimulator*]" = UIStatusBarStyleDefault;
				INFOPLIST_KEY_UISupportedInterfaceOrientations_iPad = "UIInterfaceOrientationPortrait UIInterfaceOrientationPortraitUpsideDown UIInterfaceOrientationLandscapeLeft UIInterfaceOrientationLandscapeRight";
				INFOPLIST_KEY_UISupportedInterfaceOrientations_iPhone = "UIInterfaceOrientationPortrait UIInterfaceOrientationLandscapeLeft UIInterfaceOrientationLandscapeRight";
				IPHONEOS_DEPLOYMENT_TARGET = 16.0;
				LD_RUNPATH_SEARCH_PATHS = "@executable_path/Frameworks";
				"LD_RUNPATH_SEARCH_PATHS[sdk=macosx*]" = "@executable_path/../Frameworks";
				MACOSX_DEPLOYMENT_TARGET = 13.0;
				MARKETING_VERSION = 1.0;
				PRODUCT_BUNDLE_IDENTIFIER = io.kamaal.UnixTime;
				PRODUCT_NAME = EpochStamp;
				PROVISIONING_PROFILE_SPECIFIER = "";
				"PROVISIONING_PROFILE_SPECIFIER[sdk=macosx*]" = "Epoch Time Mac Developement";
				SDKROOT = auto;
				SUPPORTED_PLATFORMS = macosx;
				SUPPORTS_MACCATALYST = NO;
				SWIFT_EMIT_LOC_STRINGS = YES;
				SWIFT_VERSION = 5.0;
			};
			name = Debug;
		};
		2C534B332A717CC9001568DA /* Release */ = {
			isa = XCBuildConfiguration;
			buildSettings = {
				ALWAYS_EMBED_SWIFT_STANDARD_LIBRARIES = YES;
				ASSETCATALOG_COMPILER_APPICON_NAME = AppIconMacOS;
				ASSETCATALOG_COMPILER_GLOBAL_ACCENT_COLOR_NAME = AccentColor;
				CODE_SIGN_ENTITLEMENTS = UnixTime/UnixTimeMacOS.entitlements;
				"CODE_SIGN_IDENTITY[sdk=macosx*]" = "3rd Party Mac Developer Application";
				CODE_SIGN_STYLE = Manual;
				CURRENT_PROJECT_VERSION = 8;
				DEAD_CODE_STRIPPING = YES;
				DEVELOPMENT_ASSET_PATHS = "\"UnixTime/Preview Content\"";
				DEVELOPMENT_TEAM = "";
				"DEVELOPMENT_TEAM[sdk=macosx*]" = DXUKH9VF73;
				ENABLE_HARDENED_RUNTIME = YES;
				ENABLE_PREVIEWS = YES;
				GENERATE_INFOPLIST_FILE = YES;
				INFOPLIST_FILE = UnixTime/InfoMacOS.plist;
				INFOPLIST_KEY_CFBundleDisplayName = EpochStamp;
				INFOPLIST_KEY_LSApplicationCategoryType = "public.app-category.utilities";
				INFOPLIST_KEY_LSUIElement = YES;
				"INFOPLIST_KEY_UIApplicationSceneManifest_Generation[sdk=iphoneos*]" = YES;
				"INFOPLIST_KEY_UIApplicationSceneManifest_Generation[sdk=iphonesimulator*]" = YES;
				"INFOPLIST_KEY_UIApplicationSupportsIndirectInputEvents[sdk=iphoneos*]" = YES;
				"INFOPLIST_KEY_UIApplicationSupportsIndirectInputEvents[sdk=iphonesimulator*]" = YES;
				"INFOPLIST_KEY_UILaunchScreen_Generation[sdk=iphoneos*]" = YES;
				"INFOPLIST_KEY_UILaunchScreen_Generation[sdk=iphonesimulator*]" = YES;
				"INFOPLIST_KEY_UIStatusBarStyle[sdk=iphoneos*]" = UIStatusBarStyleDefault;
				"INFOPLIST_KEY_UIStatusBarStyle[sdk=iphonesimulator*]" = UIStatusBarStyleDefault;
				INFOPLIST_KEY_UISupportedInterfaceOrientations_iPad = "UIInterfaceOrientationPortrait UIInterfaceOrientationPortraitUpsideDown UIInterfaceOrientationLandscapeLeft UIInterfaceOrientationLandscapeRight";
				INFOPLIST_KEY_UISupportedInterfaceOrientations_iPhone = "UIInterfaceOrientationPortrait UIInterfaceOrientationLandscapeLeft UIInterfaceOrientationLandscapeRight";
				IPHONEOS_DEPLOYMENT_TARGET = 16.0;
				LD_RUNPATH_SEARCH_PATHS = "@executable_path/Frameworks";
				"LD_RUNPATH_SEARCH_PATHS[sdk=macosx*]" = "@executable_path/../Frameworks";
				MACOSX_DEPLOYMENT_TARGET = 13.0;
				MARKETING_VERSION = 1.0;
				PRODUCT_BUNDLE_IDENTIFIER = io.kamaal.UnixTime;
				PRODUCT_NAME = EpochStamp;
				PROVISIONING_PROFILE_SPECIFIER = "";
				"PROVISIONING_PROFILE_SPECIFIER[sdk=macosx*]" = "Epoch Time macOS Distribution";
				SDKROOT = auto;
				SUPPORTED_PLATFORMS = macosx;
				SUPPORTS_MACCATALYST = NO;
				SWIFT_EMIT_LOC_STRINGS = YES;
				SWIFT_VERSION = 5.0;
			};
			name = Release;
		};
		2C6E8B522A71AD080098505A /* Debug */ = {
			isa = XCBuildConfiguration;
			buildSettings = {
				ASSETCATALOG_COMPILER_GLOBAL_ACCENT_COLOR_NAME = AccentColor;
				ASSETCATALOG_COMPILER_WIDGET_BACKGROUND_COLOR_NAME = WidgetBackground;
				CODE_SIGN_STYLE = Automatic;
				CURRENT_PROJECT_VERSION = 8;
				DEVELOPMENT_TEAM = DXUKH9VF73;
				GENERATE_INFOPLIST_FILE = YES;
				INFOPLIST_FILE = Widgets/UnixTime/iOS/Info.plist;
				INFOPLIST_KEY_CFBundleDisplayName = UnixTimeWidgetIOS;
				INFOPLIST_KEY_NSHumanReadableCopyright = "";
				IPHONEOS_DEPLOYMENT_TARGET = 16.0;
				LD_RUNPATH_SEARCH_PATHS = (
					"$(inherited)",
					"@executable_path/Frameworks",
					"@executable_path/../../Frameworks",
				);
				MARKETING_VERSION = 1.0;
				PRODUCT_BUNDLE_IDENTIFIER = io.kamaal.UnixTime.UnixTimeWidgetIOS;
				PRODUCT_NAME = "$(TARGET_NAME)";
				SDKROOT = iphoneos;
				SKIP_INSTALL = YES;
				SWIFT_EMIT_LOC_STRINGS = YES;
				SWIFT_VERSION = 5.0;
				TARGETED_DEVICE_FAMILY = "1,2";
			};
			name = Debug;
		};
		2C6E8B532A71AD080098505A /* Release */ = {
			isa = XCBuildConfiguration;
			buildSettings = {
				ASSETCATALOG_COMPILER_GLOBAL_ACCENT_COLOR_NAME = AccentColor;
				ASSETCATALOG_COMPILER_WIDGET_BACKGROUND_COLOR_NAME = WidgetBackground;
				"CODE_SIGN_IDENTITY[sdk=iphoneos*]" = "iPhone Distribution";
				CODE_SIGN_STYLE = Manual;
				CURRENT_PROJECT_VERSION = 8;
				DEVELOPMENT_TEAM = "";
				"DEVELOPMENT_TEAM[sdk=iphoneos*]" = DXUKH9VF73;
				GENERATE_INFOPLIST_FILE = YES;
				INFOPLIST_FILE = Widgets/UnixTime/iOS/Info.plist;
				INFOPLIST_KEY_CFBundleDisplayName = UnixTimeWidgetIOS;
				INFOPLIST_KEY_NSHumanReadableCopyright = "";
				IPHONEOS_DEPLOYMENT_TARGET = 16.0;
				LD_RUNPATH_SEARCH_PATHS = (
					"$(inherited)",
					"@executable_path/Frameworks",
					"@executable_path/../../Frameworks",
				);
				MARKETING_VERSION = 1.0;
				PRODUCT_BUNDLE_IDENTIFIER = io.kamaal.UnixTime.UnixTimeWidget;
				PRODUCT_NAME = "$(TARGET_NAME)";
				PROVISIONING_PROFILE_SPECIFIER = "";
				"PROVISIONING_PROFILE_SPECIFIER[sdk=iphoneos*]" = "Epoch Time iOS Widget";
				SDKROOT = iphoneos;
				SKIP_INSTALL = YES;
				SWIFT_EMIT_LOC_STRINGS = YES;
				SWIFT_VERSION = 5.0;
				TARGETED_DEVICE_FAMILY = "1,2";
				VALIDATE_PRODUCT = YES;
			};
			name = Release;
		};
		2C6E8B672A71AD200098505A /* Debug */ = {
			isa = XCBuildConfiguration;
			buildSettings = {
				ASSETCATALOG_COMPILER_GLOBAL_ACCENT_COLOR_NAME = AccentColor;
				ASSETCATALOG_COMPILER_WIDGET_BACKGROUND_COLOR_NAME = WidgetBackground;
				CODE_SIGN_ENTITLEMENTS = Widgets/UnixTime/macOS/UnixTimeWidgetMacOS.entitlements;
				CODE_SIGN_STYLE = Automatic;
				CURRENT_PROJECT_VERSION = 8;
				DEAD_CODE_STRIPPING = YES;
				DEVELOPMENT_TEAM = DXUKH9VF73;
				ENABLE_HARDENED_RUNTIME = YES;
				GENERATE_INFOPLIST_FILE = YES;
				INFOPLIST_FILE = Widgets/UnixTime/macOS/Info.plist;
				INFOPLIST_KEY_CFBundleDisplayName = UnixTimeWidgetMacOS;
				INFOPLIST_KEY_NSHumanReadableCopyright = "";
				LD_RUNPATH_SEARCH_PATHS = (
					"$(inherited)",
					"@executable_path/../Frameworks",
					"@executable_path/../../../../Frameworks",
				);
				MACOSX_DEPLOYMENT_TARGET = 13.0;
				MARKETING_VERSION = 1.0;
				PRODUCT_BUNDLE_IDENTIFIER = io.kamaal.UnixTime.UnixTimeWidgetMacOS;
				PRODUCT_NAME = "$(TARGET_NAME)";
				SDKROOT = macosx;
				SKIP_INSTALL = YES;
				SWIFT_EMIT_LOC_STRINGS = YES;
				SWIFT_VERSION = 5.0;
			};
			name = Debug;
		};
		2C6E8B682A71AD200098505A /* Release */ = {
			isa = XCBuildConfiguration;
			buildSettings = {
				ASSETCATALOG_COMPILER_GLOBAL_ACCENT_COLOR_NAME = AccentColor;
				ASSETCATALOG_COMPILER_WIDGET_BACKGROUND_COLOR_NAME = WidgetBackground;
				CODE_SIGN_ENTITLEMENTS = Widgets/UnixTime/macOS/UnixTimeWidgetMacOS.entitlements;
				"CODE_SIGN_IDENTITY[sdk=macosx*]" = "3rd Party Mac Developer Application";
				CODE_SIGN_STYLE = Manual;
				CURRENT_PROJECT_VERSION = 8;
				DEAD_CODE_STRIPPING = YES;
				DEVELOPMENT_TEAM = "";
				"DEVELOPMENT_TEAM[sdk=macosx*]" = DXUKH9VF73;
				ENABLE_HARDENED_RUNTIME = YES;
				GENERATE_INFOPLIST_FILE = YES;
				INFOPLIST_FILE = Widgets/UnixTime/macOS/Info.plist;
				INFOPLIST_KEY_CFBundleDisplayName = UnixTimeWidgetMacOS;
				INFOPLIST_KEY_NSHumanReadableCopyright = "";
				LD_RUNPATH_SEARCH_PATHS = (
					"$(inherited)",
					"@executable_path/../Frameworks",
					"@executable_path/../../../../Frameworks",
				);
				MACOSX_DEPLOYMENT_TARGET = 13.0;
				MARKETING_VERSION = 1.0;
				PRODUCT_BUNDLE_IDENTIFIER = io.kamaal.UnixTime.UnixTimeWidget;
				PRODUCT_NAME = "$(TARGET_NAME)";
				PROVISIONING_PROFILE_SPECIFIER = "";
				"PROVISIONING_PROFILE_SPECIFIER[sdk=macosx*]" = "Epoch time Mac widget";
				SDKROOT = macosx;
				SKIP_INSTALL = YES;
				SWIFT_EMIT_LOC_STRINGS = YES;
				SWIFT_VERSION = 5.0;
			};
			name = Release;
		};
		2C7455D22A72767C00FDBE50 /* Debug */ = {
			isa = XCBuildConfiguration;
			buildSettings = {
				ASSETCATALOG_COMPILER_APPICON_NAME = AppIcon;
				ASSETCATALOG_COMPILER_GENERATE_SWIFT_ASSET_SYMBOL_EXTENSIONS = YES;
				ASSETCATALOG_COMPILER_GLOBAL_ACCENT_COLOR_NAME = AccentColor;
				CODE_SIGN_ENTITLEMENTS = Playground/Playground.entitlements;
				CODE_SIGN_STYLE = Automatic;
				COMBINE_HIDPI_IMAGES = YES;
				CURRENT_PROJECT_VERSION = 8;
				DEAD_CODE_STRIPPING = YES;
				DEVELOPMENT_ASSET_PATHS = "\"Playground/Preview Content\"";
				DEVELOPMENT_TEAM = DXUKH9VF73;
				ENABLE_HARDENED_RUNTIME = YES;
				ENABLE_PREVIEWS = YES;
				ENABLE_USER_SCRIPT_SANDBOXING = YES;
				GCC_C_LANGUAGE_STANDARD = gnu17;
				GENERATE_INFOPLIST_FILE = YES;
				INFOPLIST_FILE = Playground/Info.plist;
				INFOPLIST_KEY_NSHumanReadableCopyright = "";
				LD_RUNPATH_SEARCH_PATHS = (
					"$(inherited)",
					"@executable_path/../Frameworks",
				);
				LOCALIZATION_PREFERS_STRING_CATALOGS = YES;
				MACOSX_DEPLOYMENT_TARGET = 14.0;
				MARKETING_VERSION = 1.0;
				PRODUCT_BUNDLE_IDENTIFIER = io.kamaal.Playground;
				PRODUCT_NAME = "$(TARGET_NAME)";
				SDKROOT = macosx;
				SWIFT_ACTIVE_COMPILATION_CONDITIONS = "DEBUG $(inherited)";
				SWIFT_EMIT_LOC_STRINGS = YES;
				SWIFT_VERSION = 5.0;
			};
			name = Debug;
		};
		2C7455D32A72767C00FDBE50 /* Release */ = {
			isa = XCBuildConfiguration;
			buildSettings = {
				ASSETCATALOG_COMPILER_APPICON_NAME = AppIcon;
				ASSETCATALOG_COMPILER_GENERATE_SWIFT_ASSET_SYMBOL_EXTENSIONS = YES;
				ASSETCATALOG_COMPILER_GLOBAL_ACCENT_COLOR_NAME = AccentColor;
				CODE_SIGN_ENTITLEMENTS = Playground/Playground.entitlements;
				CODE_SIGN_STYLE = Automatic;
				COMBINE_HIDPI_IMAGES = YES;
				CURRENT_PROJECT_VERSION = 8;
				DEAD_CODE_STRIPPING = YES;
				DEVELOPMENT_ASSET_PATHS = "\"Playground/Preview Content\"";
				DEVELOPMENT_TEAM = DXUKH9VF73;
				ENABLE_HARDENED_RUNTIME = YES;
				ENABLE_PREVIEWS = YES;
				ENABLE_USER_SCRIPT_SANDBOXING = YES;
				GCC_C_LANGUAGE_STANDARD = gnu17;
				GENERATE_INFOPLIST_FILE = YES;
				INFOPLIST_FILE = Playground/Info.plist;
				INFOPLIST_KEY_NSHumanReadableCopyright = "";
				LD_RUNPATH_SEARCH_PATHS = (
					"$(inherited)",
					"@executable_path/../Frameworks",
				);
				LOCALIZATION_PREFERS_STRING_CATALOGS = YES;
				MACOSX_DEPLOYMENT_TARGET = 14.0;
				MARKETING_VERSION = 1.0;
				PRODUCT_BUNDLE_IDENTIFIER = io.kamaal.Playground;
				PRODUCT_NAME = "$(TARGET_NAME)";
				SDKROOT = macosx;
				SWIFT_EMIT_LOC_STRINGS = YES;
				SWIFT_VERSION = 5.0;
			};
			name = Release;
		};
		2CD84DCA2A718A320000121D /* Debug */ = {
			isa = XCBuildConfiguration;
			buildSettings = {
				ALWAYS_EMBED_SWIFT_STANDARD_LIBRARIES = YES;
				ASSETCATALOG_COMPILER_APPICON_NAME = AppIconIOS;
				ASSETCATALOG_COMPILER_GLOBAL_ACCENT_COLOR_NAME = AccentColor;
				CODE_SIGN_ENTITLEMENTS = UnixTime/UnixTimeIOS.entitlements;
				CODE_SIGN_STYLE = Manual;
				CURRENT_PROJECT_VERSION = 8;
				DEAD_CODE_STRIPPING = YES;
				DEVELOPMENT_ASSET_PATHS = "\"UnixTime/Preview Content\"";
				DEVELOPMENT_TEAM = "";
				"DEVELOPMENT_TEAM[sdk=iphoneos*]" = DXUKH9VF73;
				ENABLE_HARDENED_RUNTIME = YES;
				ENABLE_PREVIEWS = YES;
				GENERATE_INFOPLIST_FILE = YES;
				INFOPLIST_FILE = UnixTime/InfoIOS.plist;
				INFOPLIST_KEY_CFBundleDisplayName = EpochStamp;
				INFOPLIST_KEY_LSApplicationCategoryType = "public.app-category.utilities";
				"INFOPLIST_KEY_UIApplicationSceneManifest_Generation[sdk=iphoneos*]" = YES;
				"INFOPLIST_KEY_UIApplicationSceneManifest_Generation[sdk=iphonesimulator*]" = YES;
				"INFOPLIST_KEY_UIApplicationSupportsIndirectInputEvents[sdk=iphoneos*]" = YES;
				"INFOPLIST_KEY_UIApplicationSupportsIndirectInputEvents[sdk=iphonesimulator*]" = YES;
				"INFOPLIST_KEY_UILaunchScreen_Generation[sdk=iphoneos*]" = YES;
				"INFOPLIST_KEY_UILaunchScreen_Generation[sdk=iphonesimulator*]" = YES;
				"INFOPLIST_KEY_UIStatusBarStyle[sdk=iphoneos*]" = UIStatusBarStyleDefault;
				"INFOPLIST_KEY_UIStatusBarStyle[sdk=iphonesimulator*]" = UIStatusBarStyleDefault;
				INFOPLIST_KEY_UISupportedInterfaceOrientations_iPad = "UIInterfaceOrientationPortrait UIInterfaceOrientationPortraitUpsideDown UIInterfaceOrientationLandscapeLeft UIInterfaceOrientationLandscapeRight";
				INFOPLIST_KEY_UISupportedInterfaceOrientations_iPhone = "UIInterfaceOrientationPortrait UIInterfaceOrientationLandscapeLeft UIInterfaceOrientationLandscapeRight";
				IPHONEOS_DEPLOYMENT_TARGET = 16.0;
				LD_RUNPATH_SEARCH_PATHS = "@executable_path/Frameworks";
				"LD_RUNPATH_SEARCH_PATHS[sdk=macosx*]" = "@executable_path/../Frameworks";
				MACOSX_DEPLOYMENT_TARGET = 13.0;
				MARKETING_VERSION = 1.0;
				PRODUCT_BUNDLE_IDENTIFIER = io.kamaal.UnixTime;
				PRODUCT_NAME = EpochStamp;
				PROVISIONING_PROFILE_SPECIFIER = "Epoch Time iOS Development";
				"PROVISIONING_PROFILE_SPECIFIER[sdk=iphoneos*]" = "Epoch Time iOS Development";
				SDKROOT = auto;
				SUPPORTED_PLATFORMS = "iphoneos iphonesimulator";
				SUPPORTS_MACCATALYST = NO;
				SWIFT_EMIT_LOC_STRINGS = YES;
				SWIFT_VERSION = 5.0;
				TARGETED_DEVICE_FAMILY = "1,2";
			};
			name = Debug;
		};
		2CD84DCB2A718A320000121D /* Release */ = {
			isa = XCBuildConfiguration;
			buildSettings = {
				ALWAYS_EMBED_SWIFT_STANDARD_LIBRARIES = YES;
				ASSETCATALOG_COMPILER_APPICON_NAME = AppIconIOS;
				ASSETCATALOG_COMPILER_GLOBAL_ACCENT_COLOR_NAME = AccentColor;
				CODE_SIGN_ENTITLEMENTS = UnixTime/UnixTimeIOS.entitlements;
				CODE_SIGN_IDENTITY = "Apple Development";
				"CODE_SIGN_IDENTITY[sdk=iphoneos*]" = "iPhone Distribution";
				CODE_SIGN_STYLE = Manual;
				CURRENT_PROJECT_VERSION = 8;
				DEAD_CODE_STRIPPING = YES;
				DEVELOPMENT_ASSET_PATHS = "\"UnixTime/Preview Content\"";
				DEVELOPMENT_TEAM = "";
				"DEVELOPMENT_TEAM[sdk=iphoneos*]" = DXUKH9VF73;
				ENABLE_HARDENED_RUNTIME = YES;
				ENABLE_PREVIEWS = YES;
				GENERATE_INFOPLIST_FILE = YES;
				INFOPLIST_FILE = UnixTime/InfoIOS.plist;
				INFOPLIST_KEY_CFBundleDisplayName = EpochStamp;
				INFOPLIST_KEY_LSApplicationCategoryType = "public.app-category.utilities";
				"INFOPLIST_KEY_UIApplicationSceneManifest_Generation[sdk=iphoneos*]" = YES;
				"INFOPLIST_KEY_UIApplicationSceneManifest_Generation[sdk=iphonesimulator*]" = YES;
				"INFOPLIST_KEY_UIApplicationSupportsIndirectInputEvents[sdk=iphoneos*]" = YES;
				"INFOPLIST_KEY_UIApplicationSupportsIndirectInputEvents[sdk=iphonesimulator*]" = YES;
				"INFOPLIST_KEY_UILaunchScreen_Generation[sdk=iphoneos*]" = YES;
				"INFOPLIST_KEY_UILaunchScreen_Generation[sdk=iphonesimulator*]" = YES;
				"INFOPLIST_KEY_UIStatusBarStyle[sdk=iphoneos*]" = UIStatusBarStyleDefault;
				"INFOPLIST_KEY_UIStatusBarStyle[sdk=iphonesimulator*]" = UIStatusBarStyleDefault;
				INFOPLIST_KEY_UISupportedInterfaceOrientations_iPad = "UIInterfaceOrientationPortrait UIInterfaceOrientationPortraitUpsideDown UIInterfaceOrientationLandscapeLeft UIInterfaceOrientationLandscapeRight";
				INFOPLIST_KEY_UISupportedInterfaceOrientations_iPhone = "UIInterfaceOrientationPortrait UIInterfaceOrientationLandscapeLeft UIInterfaceOrientationLandscapeRight";
				IPHONEOS_DEPLOYMENT_TARGET = 16.0;
				LD_RUNPATH_SEARCH_PATHS = "@executable_path/Frameworks";
				"LD_RUNPATH_SEARCH_PATHS[sdk=macosx*]" = "@executable_path/../Frameworks";
				MACOSX_DEPLOYMENT_TARGET = 13.0;
				MARKETING_VERSION = 1.0;
				PRODUCT_BUNDLE_IDENTIFIER = io.kamaal.UnixTime;
				PRODUCT_NAME = EpochStamp;
				PROVISIONING_PROFILE_SPECIFIER = "";
				"PROVISIONING_PROFILE_SPECIFIER[sdk=iphoneos*]" = "Epoch Time Distribution";
				SDKROOT = auto;
				SUPPORTED_PLATFORMS = "iphoneos iphonesimulator";
				SUPPORTS_MACCATALYST = NO;
				SWIFT_EMIT_LOC_STRINGS = YES;
				SWIFT_VERSION = 5.0;
				TARGETED_DEVICE_FAMILY = "1,2";
			};
			name = Release;
		};
/* End XCBuildConfiguration section */

/* Begin XCConfigurationList section */
		2C534B1D2A717CC8001568DA /* Build configuration list for PBXProject "UnixTime" */ = {
			isa = XCConfigurationList;
			buildConfigurations = (
				2C534B2F2A717CC9001568DA /* Debug */,
				2C534B302A717CC9001568DA /* Release */,
			);
			defaultConfigurationIsVisible = 0;
			defaultConfigurationName = Release;
		};
		2C534B312A717CC9001568DA /* Build configuration list for PBXNativeTarget "UnixTime (macOS)" */ = {
			isa = XCConfigurationList;
			buildConfigurations = (
				2C534B322A717CC9001568DA /* Debug */,
				2C534B332A717CC9001568DA /* Release */,
			);
			defaultConfigurationIsVisible = 0;
			defaultConfigurationName = Release;
		};
		2C6E8B542A71AD080098505A /* Build configuration list for PBXNativeTarget "UnixTimeWidgetIOSExtension" */ = {
			isa = XCConfigurationList;
			buildConfigurations = (
				2C6E8B522A71AD080098505A /* Debug */,
				2C6E8B532A71AD080098505A /* Release */,
			);
			defaultConfigurationIsVisible = 0;
			defaultConfigurationName = Release;
		};
		2C6E8B662A71AD200098505A /* Build configuration list for PBXNativeTarget "UnixTimeWidgetMacOSExtension" */ = {
			isa = XCConfigurationList;
			buildConfigurations = (
				2C6E8B672A71AD200098505A /* Debug */,
				2C6E8B682A71AD200098505A /* Release */,
			);
			defaultConfigurationIsVisible = 0;
			defaultConfigurationName = Release;
		};
		2C7455D12A72767C00FDBE50 /* Build configuration list for PBXNativeTarget "Playground" */ = {
			isa = XCConfigurationList;
			buildConfigurations = (
				2C7455D22A72767C00FDBE50 /* Debug */,
				2C7455D32A72767C00FDBE50 /* Release */,
			);
			defaultConfigurationIsVisible = 0;
			defaultConfigurationName = Release;
		};
		2CD84DC92A718A320000121D /* Build configuration list for PBXNativeTarget "UnixTime (iOS)" */ = {
			isa = XCConfigurationList;
			buildConfigurations = (
				2CD84DCA2A718A320000121D /* Debug */,
				2CD84DCB2A718A320000121D /* Release */,
			);
			defaultConfigurationIsVisible = 0;
			defaultConfigurationName = Release;
		};
/* End XCConfigurationList section */

/* Begin XCRemoteSwiftPackageReference section */
		2CD84DA42A7180C80000121D /* XCRemoteSwiftPackageReference "KamaalSwift" */ = {
			isa = XCRemoteSwiftPackageReference;
			repositoryURL = "https://github.com/Kamaalio/KamaalSwift.git";
			requirement = {
				kind = upToNextMajorVersion;
				minimumVersion = 1.0.0;
			};
		};
		2CD84DB72A718A320000121D /* XCRemoteSwiftPackageReference "KamaalSwift" */ = {
			isa = XCRemoteSwiftPackageReference;
			repositoryURL = "https://github.com/Kamaalio/KamaalSwift.git";
			requirement = {
				kind = upToNextMinorVersion;
				minimumVersion = 0.9.2;
			};
		};
/* End XCRemoteSwiftPackageReference section */

/* Begin XCSwiftPackageProductDependency section */
		2C7455BA2A7270A400FDBE50 /* KamaalExtensions */ = {
			isa = XCSwiftPackageProductDependency;
			package = 2CD84DA42A7180C80000121D /* XCRemoteSwiftPackageReference "KamaalSwift" */;
			productName = KamaalExtensions;
		};
		2C7455BC2A7270A900FDBE50 /* KamaalExtensions */ = {
			isa = XCSwiftPackageProductDependency;
			package = 2CD84DA42A7180C80000121D /* XCRemoteSwiftPackageReference "KamaalSwift" */;
			productName = KamaalExtensions;
		};
		2C7455DA2A727A5F00FDBE50 /* KamaalUI */ = {
			isa = XCSwiftPackageProductDependency;
			package = 2CD84DA42A7180C80000121D /* XCRemoteSwiftPackageReference "KamaalSwift" */;
			productName = KamaalUI;
		};
		2C7455F12A728D9B00FDBE50 /* KamaalExtensions */ = {
			isa = XCSwiftPackageProductDependency;
			package = 2CD84DA42A7180C80000121D /* XCRemoteSwiftPackageReference "KamaalSwift" */;
			productName = KamaalExtensions;
		};
		2C76A3CD2A71A00600A0C331 /* KamaalUI */ = {
			isa = XCSwiftPackageProductDependency;
			package = 2CD84DA42A7180C80000121D /* XCRemoteSwiftPackageReference "KamaalSwift" */;
			productName = KamaalUI;
		};
		2C76A3CF2A71A01500A0C331 /* KamaalUI */ = {
			isa = XCSwiftPackageProductDependency;
			package = 2CD84DA42A7180C80000121D /* XCRemoteSwiftPackageReference "KamaalSwift" */;
			productName = KamaalUI;
		};
		2CB5A22D2A72B40D008653D0 /* KamaalUtils */ = {
			isa = XCSwiftPackageProductDependency;
			package = 2CD84DA42A7180C80000121D /* XCRemoteSwiftPackageReference "KamaalSwift" */;
			productName = KamaalUtils;
		};
		2CD84DA72A7180C80000121D /* KamaalExtensions */ = {
			isa = XCSwiftPackageProductDependency;
			package = 2CD84DA42A7180C80000121D /* XCRemoteSwiftPackageReference "KamaalSwift" */;
			productName = KamaalExtensions;
		};
		2CD84DB82A718A320000121D /* KamaalExtensions */ = {
			isa = XCSwiftPackageProductDependency;
			package = 2CD84DB72A718A320000121D /* XCRemoteSwiftPackageReference "KamaalSwift" */;
			productName = KamaalExtensions;
		};
/* End XCSwiftPackageProductDependency section */
	};
	rootObject = 2C534B1A2A717CC8001568DA /* Project object */;
}
